
Microsoft Visual Studio Solution File, Format Version 12.00
# Visual Studio Version 17
VisualStudioVersion = 17.12.35707.178
MinimumVisualStudioVersion = 10.0.40219.1
Project("{FAE04EC0-301F-11D3-BF4B-00C04F79EFBC}") = "SaludPro", "SaludPro\SaludPro.csproj", "{855DFB92-4A50-4DA1-9FB9-92AC4E18532D}"
EndProject
Project("{2150E333-8FDC-42A3-9474-1A3956D46DE8}") = "src", "src", "{E89876CD-0F7A-482E-8D91-D476973A069E}"
EndProject
Project("{2150E333-8FDC-42A3-9474-1A3956D46DE8}") = "Core", "Core", "{9D6FE3DC-5879-42F1-A530-68DCA02B6D1C}"
EndProject
Project("{FAE04EC0-301F-11D3-BF4B-00C04F79EFBC}") = "SaludPro.Core.Application", "SaludPro.Core.Application\SaludPro.Core.Application.csproj", "{B326D8AC-75B9-429F-B54A-A97EF56E8A20}"
EndProject
Project("{2150E333-8FDC-42A3-9474-1A3956D46DE8}") = "Infrastructure", "Infrastructure", "{B4C54F91-654C-4D87-9369-F3DC4A443C4E}"
EndProject
Project("{FAE04EC0-301F-11D3-BF4B-00C04F79EFBC}") = "SaludPro.Infrastructure.Persistence", "SaludPro.Infrastructure.Persistence\SaludPro.Infrastructure.Persistence.csproj", "{F70136B6-9919-4E1B-AB80-6306447B929D}"
EndProject
Project("{2150E333-8FDC-42A3-9474-1A3956D46DE8}") = "Presentation", "Presentation", "{8CB59A5C-7FE8-4E90-8BC6-91C9930C048C}"
EndProject
Project("{FAE04EC0-301F-11D3-BF4B-00C04F79EFBC}") = "SaludPro.Core.Domain", "SaludPro.Core.Domain\SaludPro.Core.Domain.csproj", "{F870B034-F152-4804-87AE-63D572981D90}"
EndProject
Project("{2150E333-8FDC-42A3-9474-1A3956D46DE8}") = "WebApp", "WebApp", "{8A433FAC-072A-46D6-B9FC-A3D22F6EA6BD}"
EndProject
Global
	GlobalSection(SolutionConfigurationPlatforms) = preSolution
		Debug|Any CPU = Debug|Any CPU
		Release|Any CPU = Release|Any CPU
	EndGlobalSection
	GlobalSection(ProjectConfigurationPlatforms) = postSolution
		{855DFB92-4A50-4DA1-9FB9-92AC4E18532D}.Debug|Any CPU.ActiveCfg = Debug|Any CPU
		{855DFB92-4A50-4DA1-9FB9-92AC4E18532D}.Debug|Any CPU.Build.0 = Debug|Any CPU
		{855DFB92-4A50-4DA1-9FB9-92AC4E18532D}.Release|Any CPU.ActiveCfg = Release|Any CPU
		{855DFB92-4A50-4DA1-9FB9-92AC4E18532D}.Release|Any CPU.Build.0 = Release|Any CPU
		{B326D8AC-75B9-429F-B54A-A97EF56E8A20}.Debug|Any CPU.ActiveCfg = Debug|Any CPU
		{B326D8AC-75B9-429F-B54A-A97EF56E8A20}.Debug|Any CPU.Build.0 = Debug|Any CPU
		{B326D8AC-75B9-429F-B54A-A97EF56E8A20}.Release|Any CPU.ActiveCfg = Release|Any CPU
		{B326D8AC-75B9-429F-B54A-A97EF56E8A20}.Release|Any CPU.Build.0 = Release|Any CPU
		{F70136B6-9919-4E1B-AB80-6306447B929D}.Debug|Any CPU.ActiveCfg = Debug|Any CPU
		{F70136B6-9919-4E1B-AB80-6306447B929D}.Debug|Any CPU.Build.0 = Debug|Any CPU
		{F70136B6-9919-4E1B-AB80-6306447B929D}.Release|Any CPU.ActiveCfg = Release|Any CPU
		{F70136B6-9919-4E1B-AB80-6306447B929D}.Release|Any CPU.Build.0 = Release|Any CPU
		{F870B034-F152-4804-87AE-63D572981D90}.Debug|Any CPU.ActiveCfg = Debug|Any CPU
		{F870B034-F152-4804-87AE-63D572981D90}.Debug|Any CPU.Build.0 = Debug|Any CPU
		{F870B034-F152-4804-87AE-63D572981D90}.Release|Any CPU.ActiveCfg = Release|Any CPU
		{F870B034-F152-4804-87AE-63D572981D90}.Release|Any CPU.Build.0 = Release|Any CPU
	EndGlobalSection
	GlobalSection(SolutionProperties) = preSolution
		HideSolutionNode = FALSE
	EndGlobalSection
	GlobalSection(NestedProjects) = preSolution
		{855DFB92-4A50-4DA1-9FB9-92AC4E18532D} = {8A433FAC-072A-46D6-B9FC-A3D22F6EA6BD}
		{9D6FE3DC-5879-42F1-A530-68DCA02B6D1C} = {E89876CD-0F7A-482E-8D91-D476973A069E}
		{B326D8AC-75B9-429F-B54A-A97EF56E8A20} = {9D6FE3DC-5879-42F1-A530-68DCA02B6D1C}
		{B4C54F91-654C-4D87-9369-F3DC4A443C4E} = {E89876CD-0F7A-482E-8D91-D476973A069E}
		{F70136B6-9919-4E1B-AB80-6306447B929D} = {B4C54F91-654C-4D87-9369-F3DC4A443C4E}
		{8CB59A5C-7FE8-4E90-8BC6-91C9930C048C} = {E89876CD-0F7A-482E-8D91-D476973A069E}
		{F870B034-F152-4804-87AE-63D572981D90} = {9D6FE3DC-5879-42F1-A530-68DCA02B6D1C}
		{8A433FAC-072A-46D6-B9FC-A3D22F6EA6BD} = {8CB59A5C-7FE8-4E90-8BC6-91C9930C048C}
	EndGlobalSection
EndGlobal
